// !$*UTF8*$!
{
	archiveVersion = 1;
	classes = {
	};
	objectVersion = 48;
	objects = {

/* Begin PBXBuildFile section */
		C2ADC5CC21685EF700AE5C72 /* AppDelegate.swift in Sources */ = {isa = PBXBuildFile; fileRef = C2ADC5CB21685EF700AE5C72 /* AppDelegate.swift */; };
		C2ADC5D121685EF700AE5C72 /* Main.storyboard in Resources */ = {isa = PBXBuildFile; fileRef = C2ADC5CF21685EF700AE5C72 /* Main.storyboard */; };
		C2ADC5D321685EF700AE5C72 /* Assets.xcassets in Resources */ = {isa = PBXBuildFile; fileRef = C2ADC5D221685EF700AE5C72 /* Assets.xcassets */; };
		C2ADC5D621685EF700AE5C72 /* LaunchScreen.storyboard in Resources */ = {isa = PBXBuildFile; fileRef = C2ADC5D421685EF700AE5C72 /* LaunchScreen.storyboard */; };
		C2ADC5DE21685F7B00AE5C72 /* TableViewController.swift in Sources */ = {isa = PBXBuildFile; fileRef = C2ADC5DD21685F7B00AE5C72 /* TableViewController.swift */; };
/* End PBXBuildFile section */

/* Begin PBXFileReference section */
		C2ADC5C821685EF700AE5C72 /* LoadMorePefect.app */ = {isa = PBXFileReference; explicitFileType = wrapper.application; includeInIndex = 0; path = LoadMorePefect.app; sourceTree = BUILT_PRODUCTS_DIR; };
		C2ADC5CB21685EF700AE5C72 /* AppDelegate.swift */ = {isa = PBXFileReference; lastKnownFileType = sourcecode.swift; path = AppDelegate.swift; sourceTree = "<group>"; };
		C2ADC5D021685EF700AE5C72 /* Base */ = {isa = PBXFileReference; lastKnownFileType = file.storyboard; name = Base; path = Base.lproj/Main.storyboard; sourceTree = "<group>"; };
		C2ADC5D221685EF700AE5C72 /* Assets.xcassets */ = {isa = PBXFileReference; lastKnownFileType = folder.assetcatalog; path = Assets.xcassets; sourceTree = "<group>"; };
		C2ADC5D521685EF700AE5C72 /* Base */ = {isa = PBXFileReference; lastKnownFileType = file.storyboard; name = Base; path = Base.lproj/LaunchScreen.storyboard; sourceTree = "<group>"; };
		C2ADC5D721685EF700AE5C72 /* Info.plist */ = {isa = PBXFileReference; lastKnownFileType = text.plist.xml; path = Info.plist; sourceTree = "<group>"; };
		C2ADC5DD21685F7B00AE5C72 /* TableViewController.swift */ = {isa = PBXFileReference; lastKnownFileType = sourcecode.swift; path = TableViewController.swift; sourceTree = "<group>"; };
/* End PBXFileReference section */

/* Begin PBXFrameworksBuildPhase section */
		C2ADC5C521685EF700AE5C72 /* Frameworks */ = {
			isa = PBXFrameworksBuildPhase;
			buildActionMask = 2147483647;
			files = (
			);
			runOnlyForDeploymentPostprocessing = 0;
		};
/* End PBXFrameworksBuildPhase section */

/* Begin PBXGroup section */
		C2ADC5BF21685EF700AE5C72 = {
			isa = PBXGroup;
			children = (
				C2ADC5CA21685EF700AE5C72 /* LoadMorePefect */,
				C2ADC5C921685EF700AE5C72 /* Products */,
			);
			sourceTree = "<group>";
		};
		C2ADC5C921685EF700AE5C72 /* Products */ = {
			isa = PBXGroup;
			children = (
				C2ADC5C821685EF700AE5C72 /* LoadMorePefect.app */,
			);
			name = Products;
			sourceTree = "<group>";
		};
		C2ADC5CA21685EF700AE5C72 /* LoadMorePefect */ = {
			isa = PBXGroup;
			children = (
				C2ADC5CB21685EF700AE5C72 /* AppDelegate.swift */,
				C2ADC5DD21685F7B00AE5C72 /* TableViewController.swift */,
				C2ADC5CF21685EF700AE5C72 /* Main.storyboard */,
				C2ADC5D221685EF700AE5C72 /* Assets.xcassets */,
				C2ADC5D421685EF700AE5C72 /* LaunchScreen.storyboard */,
				C2ADC5D721685EF700AE5C72 /* Info.plist */,
			);
			path = LoadMorePefect;
			sourceTree = "<group>";
		};
/* End PBXGroup section */

/* Begin PBXNativeTarget section */
		C2ADC5C721685EF700AE5C72 /* LoadMorePefect */ = {
			isa = PBXNativeTarget;
			buildConfigurationList = C2ADC5DA21685EF700AE5C72 /* Build configuration list for PBXNativeTarget "LoadMorePefect" */;
			buildPhases = (
				C2ADC5C421685EF700AE5C72 /* Sources */,
				C2ADC5C521685EF700AE5C72 /* Frameworks */,
				C2ADC5C621685EF700AE5C72 /* Resources */,
			);
			buildRules = (
			);
			dependencies = (
			);
			name = LoadMorePefect;
			productName = LoadMorePefect;
			productReference = C2ADC5C821685EF700AE5C72 /* LoadMorePefect.app */;
			productType = "com.apple.product-type.application";
		};
/* End PBXNativeTarget section */

/* Begin PBXProject section */
		C2ADC5C021685EF700AE5C72 /* Project object */ = {
			isa = PBXProject;
			attributes = {
				LastSwiftUpdateCheck = 0920;
				LastUpgradeCheck = 0920;
				ORGANIZATIONNAME = "Trần Đức Anh";
				TargetAttributes = {
					C2ADC5C721685EF700AE5C72 = {
						CreatedOnToolsVersion = 9.2;
						ProvisioningStyle = Automatic;
					};
				};
			};
			buildConfigurationList = C2ADC5C321685EF700AE5C72 /* Build configuration list for PBXProject "LoadMorePefect" */;
			compatibilityVersion = "Xcode 8.0";
			developmentRegion = en;
			hasScannedForEncodings = 0;
			knownRegions = (
				en,
				Base,
			);
			mainGroup = C2ADC5BF21685EF700AE5C72;
			productRefGroup = C2ADC5C921685EF700AE5C72 /* Products */;
			projectDirPath = "";
			projectRoot = "";
			targets = (
				C2ADC5C721685EF700AE5C72 /* LoadMorePefect */,
			);
		};
/* End PBXProject section */

/* Begin PBXResourcesBuildPhase section */
		C2ADC5C621685EF700AE5C72 /* Resources */ = {
			isa = PBXResourcesBuildPhase;
			buildActionMask = 2147483647;
			files = (
				C2ADC5D621685EF700AE5C72 /* LaunchScreen.storyboard in Resources */,
				C2ADC5D321685EF700AE5C72 /* Assets.xcassets in Resources */,
				C2ADC5D121685EF700AE5C72 /* Main.storyboard in Resources */,
			);
			runOnlyForDeploymentPostprocessing = 0;
		};
/* End PBXResourcesBuildPhase section */

/* Begin PBXSourcesBuildPhase section */
		C2ADC5C421685EF700AE5C72 /* Sources */ = {
			isa = PBXSourcesBuildPhase;
			buildActionMask = 2147483647;
			files = (
				C2ADC5CC21685EF700AE5C72 /* AppDelegate.swift in Sources */,
				C2ADC5DE21685F7B00AE5C72 /* TableViewController.swift in Sources */,
			);
			runOnlyForDeploymentPostprocessing = 0;
		};
/* End PBXSourcesBuildPhase section */

/* Begin PBXVariantGroup section */
		C2ADC5CF21685EF700AE5C72 /* Main.storyboard */ = {
			isa = PBXVariantGroup;
			children = (
				C2ADC5D021685EF700AE5C72 /* Base */,
			);
			name = Main.storyboard;
			sourceTree = "<group>";
		};
		C2ADC5D421685EF700AE5C72 /* LaunchScreen.storyboard */ = {
			isa = PBXVariantGroup;
			children = (
				C2ADC5D521685EF700AE5C72 /* Base */,
			);
			name = LaunchScreen.storyboard;
			sourceTree = "<group>";
		};
/* End PBXVariantGroup section */

/* Begin XCBuildConfiguration section */
		C2ADC5D821685EF700AE5C72 /* Debug */ = {
			isa = XCBuildConfiguration;
			buildSettings = {
				ALWAYS_SEARCH_USER_PATHS = NO;
				CLANG_ANALYZER_NONNULL = YES;
				CLANG_ANALYZER_NUMBER_OBJECT_CONVERSION = YES_AGGRESSIVE;
				CLANG_CXX_LANGUAGE_STANDARD = "gnu++14";
				CLANG_CXX_LIBRARY = "libc++";
				CLANG_ENABLE_MODULES = YES;
				CLANG_ENABLE_OBJC_ARC = YES;
				CLANG_WARN_BLOCK_CAPTURE_AUTORELEASING = YES;
				CLANG_WARN_BOOL_CONVERSION = YES;
				CLANG_WARN_COMMA = YES;
				CLANG_WARN_CONSTANT_CONVERSION = YES;
				CLANG_WARN_DIRECT_OBJC_ISA_USAGE = YES_ERROR;
				CLANG_WARN_DOCUMENTATION_COMMENTS = YES;
				CLANG_WARN_EMPTY_BODY = YES;
				CLANG_WARN_ENUM_CONVERSION = YES;
				CLANG_WARN_INFINITE_RECURSION = YES;
				CLANG_WARN_INT_CONVERSION = YES;
				CLANG_WARN_NON_LITERAL_NULL_CONVERSION = YES;
				CLANG_WARN_OBJC_LITERAL_CONVERSION = YES;
				CLANG_WARN_OBJC_ROOT_CLASS = YES_ERROR;
				CLANG_WARN_RANGE_LOOP_ANALYSIS = YES;
				CLANG_WARN_STRICT_PROTOTYPES = YES;
				CLANG_WARN_SUSPICIOUS_MOVE = YES;
				CLANG_WARN_UNGUARDED_AVAILABILITY = YES_AGGRESSIVE;
				CLANG_WARN_UNREACHABLE_CODE = YES;
				CLANG_WARN__DUPLICATE_METHOD_MATCH = YES;
				CODE_SIGN_IDENTITY = "iPhone Developer";
				COPY_PHASE_STRIP = NO;
				DEBUG_INFORMATION_FORMAT = dwarf;
				ENABLE_STRICT_OBJC_MSGSEND = YES;
				ENABLE_TESTABILITY = YES;
				GCC_C_LANGUAGE_STANDARD = gnu11;
				GCC_DYNAMIC_NO_PIC = NO;
				GCC_NO_COMMON_BLOCKS = YES;
				GCC_OPTIMIZATION_LEVEL = 0;
				GCC_PREPROCESSOR_DEFINITIONS = (
					"DEBUG=1",
					"$(inherited)",
				);
				GCC_WARN_64_TO_32_BIT_CONVERSION = YES;
				GCC_WARN_ABOUT_RETURN_TYPE = YES_ERROR;
				GCC_WARN_UNDECLARED_SELECTOR = YES;
				GCC_WARN_UNINITIALIZED_AUTOS = YES_AGGRESSIVE;
				GCC_WARN_UNUSED_FUNCTION = YES;
				GCC_WARN_UNUSED_VARIABLE = YES;
				IPHONEOS_DEPLOYMENT_TARGET = 11.2;
				MTL_ENABLE_DEBUG_INFO = YES;
				ONLY_ACTIVE_ARCH = YES;
				SDKROOT = iphoneos;
				SWIFT_ACTIVE_COMPILATION_CONDITIONS = DEBUG;
				SWIFT_OPTIMIZATION_LEVEL = "-Onone";
			};
			name = Debug;
		};
		C2ADC5D921685EF700AE5C72 /* Release */ = {
			isa = XCBuildConfiguration;
			buildSettings = {
				ALWAYS_SEARCH_USER_PATHS = NO;
				CLANG_ANALYZER_NONNULL = YES;
				CLANG_ANALYZER_NUMBER_OBJECT_CONVERSION = YES_AGGRESSIVE;
				CLANG_CXX_LANGUAGE_STANDARD = "gnu++14";
				CLANG_CXX_LIBRARY = "libc++";
				CLANG_ENABLE_MODULES = YES;
				CLANG_ENABLE_OBJC_ARC = YES;
				CLANG_WARN_BLOCK_CAPTURE_AUTORELEASING = YES;
				CLANG_WARN_BOOL_CONVERSION = YES;
				CLANG_WARN_COMMA = YES;
				CLANG_WARN_CONSTANT_CONVERSION = YES;
				CLANG_WARN_DIRECT_OBJC_ISA_USAGE = YES_ERROR;
				CLANG_WARN_DOCUMENTATION_COMMENTS = YES;
				CLANG_WARN_EMPTY_BODY = YES;
				CLANG_WARN_ENUM_CONVERSION = YES;
				CLANG_WARN_INFINITE_RECURSION = YES;
				CLANG_WARN_INT_CONVERSION = YES;
				CLANG_WARN_NON_LITERAL_NULL_CONVERSION = YES;
				CLANG_WARN_OBJC_LITERAL_CONVERSION = YES;
				CLANG_WARN_OBJC_ROOT_CLASS = YES_ERROR;
				CLANG_WARN_RANGE_LOOP_ANALYSIS = YES;
				CLANG_WARN_STRICT_PROTOTYPES = YES;
				CLANG_WARN_SUSPICIOUS_MOVE = YES;
				CLANG_WARN_UNGUARDED_AVAILABILITY = YES_AGGRESSIVE;
				CLANG_WARN_UNREACHABLE_CODE = YES;
				CLANG_WARN__DUPLICATE_METHOD_MATCH = YES;
				CODE_SIGN_IDENTITY = "iPhone Developer";
				COPY_PHASE_STRIP = NO;
				DEBUG_INFORMATION_FORMAT = "dwarf-with-dsym";
				ENABLE_NS_ASSERTIONS = NO;
				ENABLE_STRICT_OBJC_MSGSEND = YES;
				GCC_C_LANGUAGE_STANDARD = gnu11;
				GCC_NO_COMMON_BLOCKS = YES;
				GCC_WARN_64_TO_32_BIT_CONVERSION = YES;
				GCC_WARN_ABOUT_RETURN_TYPE = YES_ERROR;
				GCC_WARN_UNDECLARED_SELECTOR = YES;
				GCC_WARN_UNINITIALIZED_AUTOS = YES_AGGRESSIVE;
				GCC_WARN_UNUSED_FUNCTION = YES;
				GCC_WARN_UNUSED_VARIABLE = YES;
				IPHONEOS_DEPLOYMENT_TARGET = 11.2;
				MTL_ENABLE_DEBUG_INFO = NO;
				SDKROOT = iphoneos;
				SWIFT_OPTIMIZATION_LEVEL = "-Owholemodule";
				VALIDATE_PRODUCT = YES;
			};
			name = Release;
		};
		C2ADC5DB21685EF700AE5C72 /* Debug */ = {
			isa = XCBuildConfiguration;
			buildSettings = {
				ASSETCATALOG_COMPILER_APPICON_NAME = AppIcon;
				CODE_SIGN_STYLE = Automatic;
				INFOPLIST_FILE = LoadMorePefect/Info.plist;
				LD_RUNPATH_SEARCH_PATHS = "$(inherited) @executable_path/Frameworks";
				PRODUCT_BUNDLE_IDENTIFIER = anh.LoadMorePefect;
				PRODUCT_NAME = "$(TARGET_NAME)";
				SWIFT_VERSION = 4.0;
				TARGETED_DEVICE_FAMILY = "1,2";
			};
			name = Debug;
		};
		C2ADC5DC21685EF700AE5C72 /* Release */ = {
			isa = XCBuildConfiguration;
			buildSettings = {
				ASSETCATALOG_COMPILER_APPICON_NAME = AppIcon;
				CODE_SIGN_STYLE = Automatic;
				INFOPLIST_FILE = LoadMorePefect/Info.plist;
				LD_RUNPATH_SEARCH_PATHS = "$(inherited) @executable_path/Frameworks";
				PRODUCT_BUNDLE_IDENTIFIER = anh.LoadMorePefect;
				PRODUCT_NAME = "$(TARGET_NAME)";
				SWIFT_VERSION = 4.0;
				TARGETED_DEVICE_FAMILY = "1,2";
			};
			name = Release;
		};
/* End XCBuildConfiguration section */

/* Begin XCConfigurationList section */
		C2ADC5C321685EF700AE5C72 /* Build configuration list for PBXProject "LoadMorePefect" */ = {
			isa = XCConfigurationList;
			buildConfigurations = (
				C2ADC5D821685EF700AE5C72 /* Debug */,
				C2ADC5D921685EF700AE5C72 /* Release */,
			);
			defaultConfigurationIsVisible = 0;
			defaultConfigurationName = Release;
		};
		C2ADC5DA21685EF700AE5C72 /* Build configuration list for PBXNativeTarget "LoadMorePefect" */ = {
			isa = XCConfigurationList;
			buildConfigurations = (
				C2ADC5DB21685EF700AE5C72 /* Debug */,
				C2ADC5DC21685EF700AE5C72 /* Release */,
			);
			defaultConfigurationIsVisible = 0;
			defaultConfigurationName = Release;
		};
/* End XCConfigurationList section */
	};
	rootObject = C2ADC5C021685EF700AE5C72 /* Project object */;
}
